
Microsoft Visual Studio Solution File, Format Version 12.00
# Visual Studio Version 17
VisualStudioVersion = 17.5.002.0
MinimumVisualStudioVersion = 10.0.40219.1
Project("{2150E333-8FDC-42A3-9474-1A3956D46DE8}") = "Labfiles", "Labfiles", "{979117ED-6CCA-4B3F-AB02-1DE5714FF279}"
EndProject
Project("{2150E333-8FDC-42A3-9474-1A3956D46DE8}") = "01-analyze-images", "01-analyze-images", "{0A4128A1-A22C-49C5-8A82-6A05F9B9C865}"
EndProject
Project("{2150E333-8FDC-42A3-9474-1A3956D46DE8}") = "C-Sharp", "C-Sharp", "{216A2078-5E20-4682-A990-79951639C2A6}"
EndProject
Project("{9A19103F-16F7-4668-BE54-9A1E7A4F7556}") = "image-analysis", "Labfiles\01-analyze-images\C-Sharp\image-analysis\image-analysis.csproj", "{51D449AA-FB13-49A8-89DF-B6F2639361B8}"
EndProject
Project("{2150E333-8FDC-42A3-9474-1A3956D46DE8}") = "03-object-detection", "03-object-detection", "{085BD2AC-97B5-4169-B494-5FDE726B8D6C}"
EndProject
Project("{2150E333-8FDC-42A3-9474-1A3956D46DE8}") = "C-Sharp", "C-Sharp", "{5C12A782-CE69-4F58-BFF1-7E09B511926A}"
EndProject
Project("{9A19103F-16F7-4668-BE54-9A1E7A4F7556}") = "test-detector", "Labfiles\03-object-detection\C-Sharp\test-detector\test-detector.csproj", "{2CEC79D7-AD85-42DD-B324-8DA3607E668C}"
EndProject
Project("{9A19103F-16F7-4668-BE54-9A1E7A4F7556}") = "train-detector", "Labfiles\03-object-detection\C-Sharp\train-detector\train-detector.csproj", "{6A72F51E-3760-4896-93E3-2C143D17EDEE}"
EndProject
Project("{2150E333-8FDC-42A3-9474-1A3956D46DE8}") = "04-face", "04-face", "{84031BFE-21B9-4FE3-83E2-7FF21758EA9D}"
EndProject
Project("{2150E333-8FDC-42A3-9474-1A3956D46DE8}") = "C-Sharp", "C-Sharp", "{353421C1-14CE-4BD2-8644-960038372E28}"
EndProject
Project("{9A19103F-16F7-4668-BE54-9A1E7A4F7556}") = "detect-people", "Labfiles\04-face\C-Sharp\computer-vision\detect-people.csproj", "{93865016-8E0D-421F-A0FC-52C1D8974FE9}"
EndProject
Project("{9A19103F-16F7-4668-BE54-9A1E7A4F7556}") = "analyze-faces", "Labfiles\04-face\C-Sharp\face-api\analyze-faces.csproj", "{789B480A-3EC9-48F6-A230-68FE56492291}"
EndProject
Project("{2150E333-8FDC-42A3-9474-1A3956D46DE8}") = "05-ocr", "05-ocr", "{AF096CD2-2CEF-48E3-8353-A35F824C328D}"
EndProject
Project("{2150E333-8FDC-42A3-9474-1A3956D46DE8}") = "C-Sharp", "C-Sharp", "{0F6BA312-CB0C-4955-98E7-E85A2F9EA7D6}"
EndProject
Project("{9A19103F-16F7-4668-BE54-9A1E7A4F7556}") = "read-text", "Labfiles\05-ocr\C-Sharp\read-text\read-text.csproj", "{A5834F50-B3C8-4E9A-82C4-EC34338C339D}"
EndProject
Project("{2150E333-8FDC-42A3-9474-1A3956D46DE8}") = "07-custom-vision-image-classification", "07-custom-vision-image-classification", "{334CC1C2-3947-481F-9CCA-5CE95F800F6D}"
EndProject
Project("{2150E333-8FDC-42A3-9474-1A3956D46DE8}") = "C-Sharp", "C-Sharp", "{7C87B59B-E774-4EB9-9570-088714BB2F89}"
EndProject
Project("{9A19103F-16F7-4668-BE54-9A1E7A4F7556}") = "test-classifier", "Labfiles\07-custom-vision-image-classification\C-Sharp\test-classifier\test-classifier.csproj", "{A53E52C5-117C-45F2-B167-56DD435FC10F}"
EndProject
Project("{9A19103F-16F7-4668-BE54-9A1E7A4F7556}") = "train-classifier", "Labfiles\07-custom-vision-image-classification\C-Sharp\train-classifier\train-classifier.csproj", "{DB552381-671D-4F3C-ABCF-775C50AAAA5E}"
EndProject
Global
	GlobalSection(SolutionConfigurationPlatforms) = preSolution
		Debug|Any CPU = Debug|Any CPU
		Release|Any CPU = Release|Any CPU
	EndGlobalSection
	GlobalSection(ProjectConfigurationPlatforms) = postSolution
		{51D449AA-FB13-49A8-89DF-B6F2639361B8}.Debug|Any CPU.ActiveCfg = Debug|Any CPU
		{51D449AA-FB13-49A8-89DF-B6F2639361B8}.Debug|Any CPU.Build.0 = Debug|Any CPU
		{51D449AA-FB13-49A8-89DF-B6F2639361B8}.Release|Any CPU.ActiveCfg = Release|Any CPU
		{51D449AA-FB13-49A8-89DF-B6F2639361B8}.Release|Any CPU.Build.0 = Release|Any CPU
		{2CEC79D7-AD85-42DD-B324-8DA3607E668C}.Debug|Any CPU.ActiveCfg = Debug|Any CPU
		{2CEC79D7-AD85-42DD-B324-8DA3607E668C}.Debug|Any CPU.Build.0 = Debug|Any CPU
		{2CEC79D7-AD85-42DD-B324-8DA3607E668C}.Release|Any CPU.ActiveCfg = Release|Any CPU
		{2CEC79D7-AD85-42DD-B324-8DA3607E668C}.Release|Any CPU.Build.0 = Release|Any CPU
		{6A72F51E-3760-4896-93E3-2C143D17EDEE}.Debug|Any CPU.ActiveCfg = Debug|Any CPU
		{6A72F51E-3760-4896-93E3-2C143D17EDEE}.Debug|Any CPU.Build.0 = Debug|Any CPU
		{6A72F51E-3760-4896-93E3-2C143D17EDEE}.Release|Any CPU.ActiveCfg = Release|Any CPU
		{6A72F51E-3760-4896-93E3-2C143D17EDEE}.Release|Any CPU.Build.0 = Release|Any CPU
		{93865016-8E0D-421F-A0FC-52C1D8974FE9}.Debug|Any CPU.ActiveCfg = Debug|Any CPU
		{93865016-8E0D-421F-A0FC-52C1D8974FE9}.Debug|Any CPU.Build.0 = Debug|Any CPU
		{93865016-8E0D-421F-A0FC-52C1D8974FE9}.Release|Any CPU.ActiveCfg = Release|Any CPU
		{93865016-8E0D-421F-A0FC-52C1D8974FE9}.Release|Any CPU.Build.0 = Release|Any CPU
		{789B480A-3EC9-48F6-A230-68FE56492291}.Debug|Any CPU.ActiveCfg = Debug|Any CPU
		{789B480A-3EC9-48F6-A230-68FE56492291}.Debug|Any CPU.Build.0 = Debug|Any CPU
		{789B480A-3EC9-48F6-A230-68FE56492291}.Release|Any CPU.ActiveCfg = Release|Any CPU
		{789B480A-3EC9-48F6-A230-68FE56492291}.Release|Any CPU.Build.0 = Release|Any CPU
		{A5834F50-B3C8-4E9A-82C4-EC34338C339D}.Debug|Any CPU.ActiveCfg = Debug|Any CPU
		{A5834F50-B3C8-4E9A-82C4-EC34338C339D}.Debug|Any CPU.Build.0 = Debug|Any CPU
		{A5834F50-B3C8-4E9A-82C4-EC34338C339D}.Release|Any CPU.ActiveCfg = Release|Any CPU
		{A5834F50-B3C8-4E9A-82C4-EC34338C339D}.Release|Any CPU.Build.0 = Release|Any CPU
		{A53E52C5-117C-45F2-B167-56DD435FC10F}.Debug|Any CPU.ActiveCfg = Debug|Any CPU
		{A53E52C5-117C-45F2-B167-56DD435FC10F}.Debug|Any CPU.Build.0 = Debug|Any CPU
		{A53E52C5-117C-45F2-B167-56DD435FC10F}.Release|Any CPU.ActiveCfg = Release|Any CPU
		{A53E52C5-117C-45F2-B167-56DD435FC10F}.Release|Any CPU.Build.0 = Release|Any CPU
		{DB552381-671D-4F3C-ABCF-775C50AAAA5E}.Debug|Any CPU.ActiveCfg = Debug|Any CPU
		{DB552381-671D-4F3C-ABCF-775C50AAAA5E}.Debug|Any CPU.Build.0 = Debug|Any CPU
		{DB552381-671D-4F3C-ABCF-775C50AAAA5E}.Release|Any CPU.ActiveCfg = Release|Any CPU
		{DB552381-671D-4F3C-ABCF-775C50AAAA5E}.Release|Any CPU.Build.0 = Release|Any CPU
	EndGlobalSection
	GlobalSection(SolutionProperties) = preSolution
		HideSolutionNode = FALSE
	EndGlobalSection
	GlobalSection(NestedProjects) = preSolution
		{0A4128A1-A22C-49C5-8A82-6A05F9B9C865} = {979117ED-6CCA-4B3F-AB02-1DE5714FF279}
		{216A2078-5E20-4682-A990-79951639C2A6} = {0A4128A1-A22C-49C5-8A82-6A05F9B9C865}
		{51D449AA-FB13-49A8-89DF-B6F2639361B8} = {216A2078-5E20-4682-A990-79951639C2A6}
		{085BD2AC-97B5-4169-B494-5FDE726B8D6C} = {979117ED-6CCA-4B3F-AB02-1DE5714FF279}
		{5C12A782-CE69-4F58-BFF1-7E09B511926A} = {085BD2AC-97B5-4169-B494-5FDE726B8D6C}
		{2CEC79D7-AD85-42DD-B324-8DA3607E668C} = {5C12A782-CE69-4F58-BFF1-7E09B511926A}
		{6A72F51E-3760-4896-93E3-2C143D17EDEE} = {5C12A782-CE69-4F58-BFF1-7E09B511926A}
		{84031BFE-21B9-4FE3-83E2-7FF21758EA9D} = {979117ED-6CCA-4B3F-AB02-1DE5714FF279}
		{353421C1-14CE-4BD2-8644-960038372E28} = {84031BFE-21B9-4FE3-83E2-7FF21758EA9D}
		{93865016-8E0D-421F-A0FC-52C1D8974FE9} = {353421C1-14CE-4BD2-8644-960038372E28}
		{789B480A-3EC9-48F6-A230-68FE56492291} = {353421C1-14CE-4BD2-8644-960038372E28}
		{AF096CD2-2CEF-48E3-8353-A35F824C328D} = {979117ED-6CCA-4B3F-AB02-1DE5714FF279}
		{0F6BA312-CB0C-4955-98E7-E85A2F9EA7D6} = {AF096CD2-2CEF-48E3-8353-A35F824C328D}
		{A5834F50-B3C8-4E9A-82C4-EC34338C339D} = {0F6BA312-CB0C-4955-98E7-E85A2F9EA7D6}
		{334CC1C2-3947-481F-9CCA-5CE95F800F6D} = {979117ED-6CCA-4B3F-AB02-1DE5714FF279}
		{7C87B59B-E774-4EB9-9570-088714BB2F89} = {334CC1C2-3947-481F-9CCA-5CE95F800F6D}
		{A53E52C5-117C-45F2-B167-56DD435FC10F} = {7C87B59B-E774-4EB9-9570-088714BB2F89}
		{DB552381-671D-4F3C-ABCF-775C50AAAA5E} = {7C87B59B-E774-4EB9-9570-088714BB2F89}
	EndGlobalSection
	GlobalSection(ExtensibilityGlobals) = postSolution
		SolutionGuid = {81B37AF1-DCC1-46CB-BCCA-A6DF7BB097FF}
	EndGlobalSection
EndGlobal
